
Microsoft Visual Studio Solution File, Format Version 12.00
# Visual Studio 15
VisualStudioVersion = 15.0.26430.15
MinimumVisualStudioVersion = 10.0.40219.1
Project("{FAE04EC0-301F-11D3-BF4B-00C04F79EFBC}") = "Aliapoh.Overlay", "Aliapoh.Overlay\Aliapoh.Overlay.csproj", "{46D1F109-D80B-4081-B548-5B13D90150C2}"
EndProject
Project("{FAE04EC0-301F-11D3-BF4B-00C04F79EFBC}") = "MiniparsePlugin", "MiniparsePlugin\MiniparsePlugin.csproj", "{6458D61B-C692-4B41-857C-A467B4BB1ECB}"
EndProject
Global
	GlobalSection(SolutionConfigurationPlatforms) = preSolution
		Debug_x64|Any CPU = Debug_x64|Any CPU
		Debug_x64|x64 = Debug_x64|x64
		Debug_x64|x86 = Debug_x64|x86
		Debug_x86|Any CPU = Debug_x86|Any CPU
		Debug_x86|x64 = Debug_x86|x64
		Debug_x86|x86 = Debug_x86|x86
		Debug|Any CPU = Debug|Any CPU
		Debug|x64 = Debug|x64
		Debug|x86 = Debug|x86
		Release|Any CPU = Release|Any CPU
		Release|x64 = Release|x64
		Release|x86 = Release|x86
	EndGlobalSection
	GlobalSection(ProjectConfigurationPlatforms) = postSolution
		{46D1F109-D80B-4081-B548-5B13D90150C2}.Debug_x64|Any CPU.ActiveCfg = Debug_x64|Any CPU
		{46D1F109-D80B-4081-B548-5B13D90150C2}.Debug_x64|Any CPU.Build.0 = Debug_x64|Any CPU
		{46D1F109-D80B-4081-B548-5B13D90150C2}.Debug_x64|x64.ActiveCfg = Debug_x64|x64
		{46D1F109-D80B-4081-B548-5B13D90150C2}.Debug_x64|x64.Build.0 = Debug_x64|x64
		{46D1F109-D80B-4081-B548-5B13D90150C2}.Debug_x64|x86.ActiveCfg = Debug_x64|x64
		{46D1F109-D80B-4081-B548-5B13D90150C2}.Debug_x64|x86.Build.0 = Debug_x64|x64
		{46D1F109-D80B-4081-B548-5B13D90150C2}.Debug_x86|Any CPU.ActiveCfg = Debug_x86|Any CPU
		{46D1F109-D80B-4081-B548-5B13D90150C2}.Debug_x86|Any CPU.Build.0 = Debug_x86|Any CPU
		{46D1F109-D80B-4081-B548-5B13D90150C2}.Debug_x86|x64.ActiveCfg = Debug_x86|x64
		{46D1F109-D80B-4081-B548-5B13D90150C2}.Debug_x86|x64.Build.0 = Debug_x86|x64
		{46D1F109-D80B-4081-B548-5B13D90150C2}.Debug_x86|x86.ActiveCfg = Debug_x86|x86
		{46D1F109-D80B-4081-B548-5B13D90150C2}.Debug_x86|x86.Build.0 = Debug_x86|x86
		{46D1F109-D80B-4081-B548-5B13D90150C2}.Debug|Any CPU.ActiveCfg = Debug|Any CPU
		{46D1F109-D80B-4081-B548-5B13D90150C2}.Debug|Any CPU.Build.0 = Debug|Any CPU
		{46D1F109-D80B-4081-B548-5B13D90150C2}.Debug|x64.ActiveCfg = Debug|Any CPU
		{46D1F109-D80B-4081-B548-5B13D90150C2}.Debug|x64.Build.0 = Debug|Any CPU
		{46D1F109-D80B-4081-B548-5B13D90150C2}.Debug|x86.ActiveCfg = Debug|Any CPU
		{46D1F109-D80B-4081-B548-5B13D90150C2}.Debug|x86.Build.0 = Debug|Any CPU
		{46D1F109-D80B-4081-B548-5B13D90150C2}.Release|Any CPU.ActiveCfg = Release|Any CPU
		{46D1F109-D80B-4081-B548-5B13D90150C2}.Release|Any CPU.Build.0 = Release|Any CPU
		{46D1F109-D80B-4081-B548-5B13D90150C2}.Release|x64.ActiveCfg = Release|Any CPU
		{46D1F109-D80B-4081-B548-5B13D90150C2}.Release|x64.Build.0 = Release|Any CPU
		{46D1F109-D80B-4081-B548-5B13D90150C2}.Release|x86.ActiveCfg = Release|Any CPU
		{46D1F109-D80B-4081-B548-5B13D90150C2}.Release|x86.Build.0 = Release|Any CPU
		{6458D61B-C692-4B41-857C-A467B4BB1ECB}.Debug_x64|Any CPU.ActiveCfg = Debug|Any CPU
		{6458D61B-C692-4B41-857C-A467B4BB1ECB}.Debug_x64|Any CPU.Build.0 = Debug|Any CPU
		{6458D61B-C692-4B41-857C-A467B4BB1ECB}.Debug_x64|x64.ActiveCfg = Debug|Any CPU
		{6458D61B-C692-4B41-857C-A467B4BB1ECB}.Debug_x64|x64.Build.0 = Debug|Any CPU
		{6458D61B-C692-4B41-857C-A467B4BB1ECB}.Debug_x64|x86.ActiveCfg = Debug|Any CPU
		{6458D61B-C692-4B41-857C-A467B4BB1ECB}.Debug_x64|x86.Build.0 = Debug|Any CPU
		{6458D61B-C692-4B41-857C-A467B4BB1ECB}.Debug_x86|Any CPU.ActiveCfg = Debug|Any CPU
		{6458D61B-C692-4B41-857C-A467B4BB1ECB}.Debug_x86|Any CPU.Build.0 = Debug|Any CPU
		{6458D61B-C692-4B41-857C-A467B4BB1ECB}.Debug_x86|x64.ActiveCfg = Debug|Any CPU
		{6458D61B-C692-4B41-857C-A467B4BB1ECB}.Debug_x86|x64.Build.0 = Debug|Any CPU
		{6458D61B-C692-4B41-857C-A467B4BB1ECB}.Debug_x86|x86.ActiveCfg = Debug|Any CPU
		{6458D61B-C692-4B41-857C-A467B4BB1ECB}.Debug_x86|x86.Build.0 = Debug|Any CPU
		{6458D61B-C692-4B41-857C-A467B4BB1ECB}.Debug|Any CPU.ActiveCfg = Debug|Any CPU
		{6458D61B-C692-4B41-857C-A467B4BB1ECB}.Debug|Any CPU.Build.0 = Debug|Any CPU
		{6458D61B-C692-4B41-857C-A467B4BB1ECB}.Debug|x64.ActiveCfg = Debug|Any CPU
		{6458D61B-C692-4B41-857C-A467B4BB1ECB}.Debug|x64.Build.0 = Debug|Any CPU
		{6458D61B-C692-4B41-857C-A467B4BB1ECB}.Debug|x86.ActiveCfg = Debug|Any CPU
		{6458D61B-C692-4B41-857C-A467B4BB1ECB}.Debug|x86.Build.0 = Debug|Any CPU
		{6458D61B-C692-4B41-857C-A467B4BB1ECB}.Release|Any CPU.ActiveCfg = Release|Any CPU
		{6458D61B-C692-4B41-857C-A467B4BB1ECB}.Release|Any CPU.Build.0 = Release|Any CPU
		{6458D61B-C692-4B41-857C-A467B4BB1ECB}.Release|x64.ActiveCfg = Release|Any CPU
		{6458D61B-C692-4B41-857C-A467B4BB1ECB}.Release|x64.Build.0 = Release|Any CPU
		{6458D61B-C692-4B41-857C-A467B4BB1ECB}.Release|x86.ActiveCfg = Release|Any CPU
		{6458D61B-C692-4B41-857C-A467B4BB1ECB}.Release|x86.Build.0 = Release|Any CPU
	EndGlobalSection
	GlobalSection(SolutionProperties) = preSolution
		HideSolutionNode = FALSE
	EndGlobalSection
EndGlobal
