
Microsoft Visual Studio Solution File, Format Version 12.00
# Visual Studio 15
VisualStudioVersion = 15.0.26430.15
MinimumVisualStudioVersion = 10.0.40219.1
Project("{FAE04EC0-301F-11D3-BF4B-00C04F79EFBC}") = "OverlayTest", "OverlayTest\OverlayTest.csproj", "{5F81672A-B79C-4204-9DFD-2708756F13CD}"
EndProject
Global
	GlobalSection(SolutionConfigurationPlatforms) = preSolution
		DbgX64|x64 = DbgX64|x64
		Debugx64|x64 = Debugx64|x64
	EndGlobalSection
	GlobalSection(ProjectConfigurationPlatforms) = postSolution
		{5F81672A-B79C-4204-9DFD-2708756F13CD}.DbgX64|x64.ActiveCfg = Debugx64|x64
		{5F81672A-B79C-4204-9DFD-2708756F13CD}.DbgX64|x64.Build.0 = Debugx64|x64
		{5F81672A-B79C-4204-9DFD-2708756F13CD}.Debugx64|x64.ActiveCfg = Debugx64|x64
		{5F81672A-B79C-4204-9DFD-2708756F13CD}.Debugx64|x64.Build.0 = Debugx64|x64
	EndGlobalSection
	GlobalSection(SolutionProperties) = preSolution
		HideSolutionNode = FALSE
	EndGlobalSection
EndGlobal
